
Microsoft Visual Studio Solution File, Format Version 12.00
# Visual Studio Version 17
VisualStudioVersion = 17.13.35731.43 d17.13
MinimumVisualStudioVersion = 10.0.40219.1
Project("{FAE04EC0-301F-11D3-BF4B-00C04F79EFBC}") = "Domain", "Domain\Domain.csproj", "{53009EA7-8D06-4DB3-8733-636D55F9D4E1}"
EndProject
Project("{FAE04EC0-301F-11D3-BF4B-00C04F79EFBC}") = "Infrastructure", "Infrastructure\Infrastructure.csproj", "{2A08872E-0795-44B4-A0A5-BBC200F04CD3}"
EndProject
Project("{FAE04EC0-301F-11D3-BF4B-00C04F79EFBC}") = "Application", "Application\Application.csproj", "{48B48762-25AB-44E1-A9F4-CB0D89C24747}"
EndProject
Project("{FAE04EC0-301F-11D3-BF4B-00C04F79EFBC}") = "WebAPI", "WebAPI\WebAPI.csproj", "{3EB22791-9B86-4A9A-B6A3-48044E4007F0}"
EndProject
Global
	GlobalSection(SolutionConfigurationPlatforms) = preSolution
		Debug|Any CPU = Debug|Any CPU
		Release|Any CPU = Release|Any CPU
	EndGlobalSection
	GlobalSection(ProjectConfigurationPlatforms) = postSolution
		{53009EA7-8D06-4DB3-8733-636D55F9D4E1}.Debug|Any CPU.ActiveCfg = Debug|Any CPU
		{53009EA7-8D06-4DB3-8733-636D55F9D4E1}.Debug|Any CPU.Build.0 = Debug|Any CPU
		{53009EA7-8D06-4DB3-8733-636D55F9D4E1}.Release|Any CPU.ActiveCfg = Release|Any CPU
		{53009EA7-8D06-4DB3-8733-636D55F9D4E1}.Release|Any CPU.Build.0 = Release|Any CPU
		{2A08872E-0795-44B4-A0A5-BBC200F04CD3}.Debug|Any CPU.ActiveCfg = Debug|Any CPU
		{2A08872E-0795-44B4-A0A5-BBC200F04CD3}.Debug|Any CPU.Build.0 = Debug|Any CPU
		{2A08872E-0795-44B4-A0A5-BBC200F04CD3}.Release|Any CPU.ActiveCfg = Release|Any CPU
		{2A08872E-0795-44B4-A0A5-BBC200F04CD3}.Release|Any CPU.Build.0 = Release|Any CPU
		{48B48762-25AB-44E1-A9F4-CB0D89C24747}.Debug|Any CPU.ActiveCfg = Debug|Any CPU
		{48B48762-25AB-44E1-A9F4-CB0D89C24747}.Debug|Any CPU.Build.0 = Debug|Any CPU
		{48B48762-25AB-44E1-A9F4-CB0D89C24747}.Release|Any CPU.ActiveCfg = Release|Any CPU
		{48B48762-25AB-44E1-A9F4-CB0D89C24747}.Release|Any CPU.Build.0 = Release|Any CPU
		{3EB22791-9B86-4A9A-B6A3-48044E4007F0}.Debug|Any CPU.ActiveCfg = Debug|Any CPU
		{3EB22791-9B86-4A9A-B6A3-48044E4007F0}.Debug|Any CPU.Build.0 = Debug|Any CPU
		{3EB22791-9B86-4A9A-B6A3-48044E4007F0}.Release|Any CPU.ActiveCfg = Release|Any CPU
		{3EB22791-9B86-4A9A-B6A3-48044E4007F0}.Release|Any CPU.Build.0 = Release|Any CPU
	EndGlobalSection
	GlobalSection(SolutionProperties) = preSolution
		HideSolutionNode = FALSE
	EndGlobalSection
	GlobalSection(ExtensibilityGlobals) = postSolution
		SolutionGuid = {4D70D2BC-BAEB-433E-9317-BE6313E5D549}
	EndGlobalSection
EndGlobal
